{
  "requires": true,
  "lockfileVersion": 1,
  "dependencies": {
    "@webgpu/types": {
      "version": "0.1.6",
      "resolved": "https://registry.npmjs.org/@webgpu/types/-/types-0.1.6.tgz",
      "integrity": "sha512-5c3ZxNmGwVhTo8nW0b0iEaSVLTx89D056c7JzbzC2f9J+qebRM+U9rH52q9Z/HwZbZQTUAYX5UGp0c4BNv61Ew=="
    }
  }
}
