{
  "name": "edgedec",
  "version": "1.0.0",
  "lockfileVersion": 1,
  "requires": true,
  "dependencies": {
    "@webgpu/types": {
      "version": "0.1.8",
      "resolved": "https://registry.npmjs.org/@webgpu/types/-/types-0.1.8.tgz",
      "integrity": "sha512-4aMF4ohtaZ9GYI542rf0I5C7jF+VBCi9qN3a/x47jxzICGfdfyhYL15rJ08c2NQUJnWRFmFAArKNXpYn6SowQA==",
      "dev": true
    },
    "typescript": {
      "version": "4.5.2",
      "resolved": "https://registry.npmjs.org/typescript/-/typescript-4.5.2.tgz",
      "integrity": "sha512-5BlMof9H1yGt0P8/WF+wPNw6GfctgGjXp5hkblpyT+8rkASSmkUKMXrxR0Xg8ThVCi/JnHQiKXeBaEwCeQwMFw==",
      "dev": true
    }
  }
}
